{
  "requires": true,
  "lockfileVersion": 1,
  "dependencies": {
    "ngraph.events": {
      "version": "1.2.1",
      "resolved": "https://registry.npmjs.org/ngraph.events/-/ngraph.events-1.2.1.tgz",
      "integrity": "sha512-D4C+nXH/RFxioGXQdHu8ELDtC6EaCiNsZtih0IvyGN81OZSUby4jXoJ5+RNWasfsd0FnKxxpAROyUMzw64QNsw=="
    },
    "ngraph.graph": {
      "version": "19.1.0",
      "resolved": "https://registry.npmjs.org/ngraph.graph/-/ngraph.graph-19.1.0.tgz",
      "integrity": "sha512-9cws84qfPkrYa7BaBtT+KgZfLXrd6pNL9Gl5Do+MBO/0Hm6rOM7qK78MZaO1uEoIK6p2pgUs6lu29zn/6tP59w==",
      "requires": {
        "ngraph.events": "^1.2.1"
      }
    },
    "ngraph.path": {
      "version": "1.3.1",
      "resolved": "https://registry.npmjs.org/ngraph.path/-/ngraph.path-1.3.1.tgz",
      "integrity": "sha512-A78BGNCDo/uMApMx9QRqtSOheV4wMrgxitOVR2+0ZdbTfgzd70IN2WjuSXUFbNh7T2o0fPebPB2AFx39IvP8Gw=="
    }
  }
}
